{
  "lockfileVersion": 1,
  "configVersion": 1,
  "workspaces": {
    "": {
      "name": "vue-todo",
      "dependencies": {
        "@tiptap/starter-kit": "^3.29.2",
        "@tiptap/vue-2": "^3.29.2",
        "vue": "2.7",
        "vue-feather-icons": "^5.1.0",
        "vue-router": "3",
        "vuex": "3",
        "vuex-persistedstate": "^4.1.0",
      },
      "devDependencies": {
        "@vitejs/plugin-vue2": "^2.3.3",
        "prettier": "^3.9.6",
        "vite": "^8.2.0",
      },
    },
  },
  "packages": {
    "@babel/helper-string-parser": ["@babel/helper-string-parser@7.29.7", "", {}, "sha512-Pb5ijPrZ89GDH8223L4UP8i6QApWxs04RbPQJTeWDV0/keR2E36MeKnyr6LYmUUvqRRI+Iv87SuF1W6ErINzYw=="],

    "@babel/helper-validator-identifier": ["@babel/helper-validator-identifier@7.29.7", "", {}, "sha512-qehxGkRj55h/ff8EMaJ+cYhyaKlHIxqYDn682wQD7RNp9UujOQsHog2uS0r2vzr4pW+sXf90NeeayjcNaX3fFg=="],

    "@babel/parser": ["@babel/parser@7.29.8", "", { "dependencies": { "@babel/types": "^7.29.8" }, "bin": "./bin/babel-parser.js" }, "sha512-E8lTAYNB1KW+FH+VGJuZM1ioAx2E6oVlvQFRrf5P8ZZmsiJXYAD9vTFV7yyEURNzgh1dFqMZuO6tUwcARbqFCA=="],

    "@babel/types": ["@babel/types@7.29.8", "", { "dependencies": { "@babel/helper-string-parser": "^7.29.7", "@babel/helper-validator-identifier": "^7.29.7" } }, "sha512-Vj1jF3cPfxg7OAfoI7QnVKLoILlm2JF9pnVHrX8qx7AHMiYWT+NDAA7jChlNgRS4WTLc/fD1lXLmPixluj+3Gg=="],

    "@floating-ui/core": ["@floating-ui/core@1.8.0", "", { "dependencies": { "@floating-ui/utils": "^0.2.12" } }, "sha512-0CIZ5itps/8x7BG8dEIhs53BvCUH2PCoogtakwRTut+Arm58sJooJ0AuZhLw2HJYIR5cMLNPBSS728sPho2khQ=="],

    "@floating-ui/dom": ["@floating-ui/dom@1.8.0", "", { "dependencies": { "@floating-ui/core": "^1.8.0", "@floating-ui/utils": "^0.2.12" } }, "sha512-yXSrzeHZBTZadLOlfyhCkJHNeLJnHRnRInwdZ40L7ZiaAtrBwoYlsDrX3v5zB1Utk7CLfzcOVnVVWoXEky7Ceg=="],

    "@floating-ui/utils": ["@floating-ui/utils@0.2.12", "", {}, "sha512-HpCo8tmWzLVad5s2d19EhAz5zqrrQ6s69qd6moPMQvkOuSwDT1YgRfWSVuc4ennqrgv3OHppiOGMQ7oC13yIww=="],

    "@oxc-project/types": ["@oxc-project/types@0.142.0", "", {}, "sha512-7W+2q5AKQVU36fkaryontrHn3YDt1RyUYXatw9i5H8ocYe2sPKSFB6eS8WNPeRKiN1qAWWZUPm7gwFzJGrccqQ=="],

    "@rolldown/binding-android-arm64": ["@rolldown/binding-android-arm64@1.2.2", "", { "os": "android", "cpu": "arm64" }, "sha512-l7x215OGvo1s52JWmR8U/DAVzEDWBCIbTm28aeJV/WDTSHgcKXaZTuBT0hJMs5NggilfJTW3clZVvd24yfKJxA=="],

    "@rolldown/binding-darwin-arm64": ["@rolldown/binding-darwin-arm64@1.2.2", "", { "os": "darwin", "cpu": "arm64" }, "sha512-9u9Xv6c1AJZT0FfwH5vrMG5Jjcwhc1MlyrPu0XfTqkzsmqfks2M6W/o5XwAJgVVN/jHpqqngC1WevHKKTIUtIA=="],

    "@rolldown/binding-darwin-x64": ["@rolldown/binding-darwin-x64@1.2.2", "", { "os": "darwin", "cpu": "x64" }, "sha512-9W1mbGZAfW3oqd85bhBkmpyHCCzL1TeG/zFFP3vg7b0rlly8cxOcre5nXwz+LHazCwac2MNWgPdPCHndABjpWQ=="],

    "@rolldown/binding-freebsd-x64": ["@rolldown/binding-freebsd-x64@1.2.2", "", { "os": "freebsd", "cpu": "x64" }, "sha512-0p1lhiCSCyaerFwtrdZQUx7NqGk6LQnaRKWX7tFQqwQgvX0rjM15cIkm3pax1UpEakK14C4mOxx/jSqCBdBRqQ=="],

    "@rolldown/binding-linux-arm-gnueabihf": ["@rolldown/binding-linux-arm-gnueabihf@1.2.2", "", { "os": "linux", "cpu": "arm" }, "sha512-e+cOJXrJ2L3zx6YzqPg+f6Wbk3V1cKB8bOhbaYdVYN3DdquzNdRAmrbETz1qnt5yp/c7JNlNjmITiA2cVneQ7w=="],

    "@rolldown/binding-linux-arm64-gnu": ["@rolldown/binding-linux-arm64-gnu@1.2.2", "", { "os": "linux", "cpu": "arm64" }, "sha512-JsSMsj6sNat/MuhG5fnBD7QgbtpHKVe30x5/bAVirDHdhoQRXJkF6xc0Jqk8O4fiCUQAzMOoH9wZi3m60c8wtg=="],

    "@rolldown/binding-linux-arm64-musl": ["@rolldown/binding-linux-arm64-musl@1.2.2", "", { "os": "linux", "cpu": "arm64" }, "sha512-B5G/zJdHaoJn9vD50eGHWkiWfmq8Uhi3IiLPJTzmZTrAalk1bztUikSXo0qga18ibE0IXboyeMUnhPjhAJ45wQ=="],

    "@rolldown/binding-linux-ppc64-gnu": ["@rolldown/binding-linux-ppc64-gnu@1.2.2", "", { "os": "linux", "cpu": "ppc64" }, "sha512-6mC/awzKka8W6EoekjegpfGkjz8jXWDX63pqu/HYVpyKtZfu65Jsh4QAH3Kej3CAv/c1oGX7psTmFEbr0mDxLA=="],

    "@rolldown/binding-linux-s390x-gnu": ["@rolldown/binding-linux-s390x-gnu@1.2.2", "", { "os": "linux", "cpu": "s390x" }, "sha512-412MX9fJLdA1IK28EZnc8jYv2HRTleOZgfLQumJ5zy7OeJLZlg/CETwFaXjNmGVxG51cFHpKLqb5LKvBC+HsHA=="],

    "@rolldown/binding-linux-x64-gnu": ["@rolldown/binding-linux-x64-gnu@1.2.2", "", { "os": "linux", "cpu": "x64" }, "sha512-Q/+HI/ToJafZ1iCqGgVQXUEkIjufHCTF0gBQ2a5o3cg7GJ2h0qyq3nvvSmU+bGda2/7ygXpTY4TM6gO9OhQ0ZA=="],

    "@rolldown/binding-linux-x64-musl": ["@rolldown/binding-linux-x64-musl@1.2.2", "", { "os": "linux", "cpu": "x64" }, "sha512-ZKp/w41n6wCvxzxQHtQSbuphfX3Y4cCvbjkKHusrLx4lh+JWLTU7StSltO/DKARISzbj368d+qUaCjI8K2wzXw=="],

    "@rolldown/binding-openharmony-arm64": ["@rolldown/binding-openharmony-arm64@1.2.2", "", { "os": "none", "cpu": "arm64" }, "sha512-pxE6xD4KS3eAROkKK5yrhB9/3+vhlhVGMvlQLbdpzrBGDbKrnzx3RLwPaHvasLo6jgaiBLn7e04Df9C4tYhjmA=="],

    "@rolldown/binding-win32-arm64-msvc": ["@rolldown/binding-win32-arm64-msvc@1.2.2", "", { "os": "win32", "cpu": "arm64" }, "sha512-4MqEue5re+xIZzAWsB8sj0P1kqZySWqIuN4t6QaIO/YA6SFwySOLruvWQFzfmqk8LBK2P30KCSJwf6mJCZZ5/A=="],

    "@rolldown/binding-win32-x64-msvc": ["@rolldown/binding-win32-x64-msvc@1.2.2", "", { "os": "win32", "cpu": "x64" }, "sha512-NweNxxD0Nf9t8v7kodun45Ijp3EIwYY+uydPP6qBEYvfBqhIjN6dZMzlQja3tqX/aLs3F3Uz+AxDpKgRhpOZQg=="],

    "@rolldown/pluginutils": ["@rolldown/pluginutils@1.0.1", "", {}, "sha512-2j9bGt5Jh8hj+vPtgzPtl72j0yRxHAyumoo6TNfAjsLB04UtpSvPbPcDcBMxz7n+9CYB0c1GxQFxYRg2jimqGw=="],

    "@tiptap/core": ["@tiptap/core@3.29.2", "", { "peerDependencies": { "@tiptap/pm": "3.29.2" } }, "sha512-oKUkiPUB7noilVYxI9lNzUD4rX17sHub+PYjMfHMWHG9A3nvIy+FdePIVIIhThKWF7ijhr3eIqHY51Bn+GAFtw=="],

    "@tiptap/extension-blockquote": ["@tiptap/extension-blockquote@3.29.2", "", { "peerDependencies": { "@tiptap/core": "3.29.2", "@tiptap/pm": "3.29.2" } }, "sha512-ca4OzKDh0yaxg2+Z56bC2QnWsNsFp2YMRfVig1PDXyMVFMNJpLcnhxgq/9btn+xYAlYrj8RymOeCTYREOR6Zjg=="],

    "@tiptap/extension-bold": ["@tiptap/extension-bold@3.29.2", "", { "peerDependencies": { "@tiptap/core": "3.29.2" } }, "sha512-elYbGxJsYnBb4leqrcjdIJuiG380BcOgN+UUzvOv+qEjfGVzHodFOMBl3qnmD6urYHNu5/qQK2S0qSSRXKCLNQ=="],

    "@tiptap/extension-bubble-menu": ["@tiptap/extension-bubble-menu@3.29.2", "", { "dependencies": { "@floating-ui/dom": "^1.0.0" }, "peerDependencies": { "@tiptap/core": "3.29.2", "@tiptap/pm": "3.29.2" } }, "sha512-kzcWarcpr031rZu+R3Hzut5uxb3Qj/xxMDEYZIQ3uiq1yb5vEMXj8/SIyWautk6Nu8Rr1leV3rGdR4NzhzyFAA=="],

    "@tiptap/extension-bullet-list": ["@tiptap/extension-bullet-list@3.29.2", "", { "peerDependencies": { "@tiptap/extension-list": "3.29.2" } }, "sha512-3bWcCUPbCHv0XttlMdnAtXLNYWx2pblByMgxmGsaP9FU0QnslGXty6A6gHCqI33ygRg1vrA6U5Wtpwbi5aKu5g=="],

    "@tiptap/extension-code": ["@tiptap/extension-code@3.29.2", "", { "peerDependencies": { "@tiptap/core": "3.29.2" } }, "sha512-c6W5UGuB7WNLpYocsgRzpO2OOTI4QjaI9jjHRMuty9z+s9DtaYM/HrRLNwVh6MopkHb+i/89Wkv8gCS34fftig=="],

    "@tiptap/extension-code-block": ["@tiptap/extension-code-block@3.29.2", "", { "peerDependencies": { "@tiptap/core": "3.29.2", "@tiptap/pm": "3.29.2" } }, "sha512-w153ct8g6dLiPTdXQ6SOIMxX4SEo5Q50AmjdEEEcJ7ZcYUcde/ScSskLHfOYmyt5ZFAiyEwr121+pux+p3/oAQ=="],

    "@tiptap/extension-document": ["@tiptap/extension-document@3.29.2", "", { "peerDependencies": { "@tiptap/core": "3.29.2" } }, "sha512-YUamvefLnsqu6124GavVTI7nqcFlQJ12ROB0oSwG69eSBZYNjg1tIs05LFrBxkwf4Xgqd6YzfJ9+FeG428RvzQ=="],

    "@tiptap/extension-dropcursor": ["@tiptap/extension-dropcursor@3.29.2", "", { "peerDependencies": { "@tiptap/extensions": "3.29.2" } }, "sha512-KKno7cU9r1HdR48CRrsDu69/1UjZdoslq/UcE+Kx+tdhAv/aljXMkRSNzGMrBNOBDmHRgS1+58zm21WQWdQzwA=="],

    "@tiptap/extension-floating-menu": ["@tiptap/extension-floating-menu@3.29.2", "", { "peerDependencies": { "@floating-ui/dom": "^1.0.0", "@tiptap/core": "3.29.2", "@tiptap/pm": "3.29.2" } }, "sha512-CBTq4Xs5aGWr65uFCIkKBms796OhmirWf/ax//iJ4fl9IfwqjwFuc2vQs9PmuwpKn9ctDHo2sMTtvyeCvIt5LQ=="],

    "@tiptap/extension-gapcursor": ["@tiptap/extension-gapcursor@3.29.2", "", { "peerDependencies": { "@tiptap/extensions": "3.29.2" } }, "sha512-8Q39UR4/Tit759IeW9xZIe3NMwN11GsuA3FLheDyyGn7RrW02HD3HhUDlazE54Ki4HoosjFmChPlN4Ik2ubdRQ=="],

    "@tiptap/extension-hard-break": ["@tiptap/extension-hard-break@3.29.2", "", { "peerDependencies": { "@tiptap/core": "3.29.2" } }, "sha512-eUW3LN3fq8rXnjEUeI3D2QONYdLsU3yYQm4jxlErs2h4cfwrFjgf19VSUFVmm6LrFbbQ0OnDVPeVLL6iOwDw2w=="],

    "@tiptap/extension-heading": ["@tiptap/extension-heading@3.29.2", "", { "peerDependencies": { "@tiptap/core": "3.29.2" } }, "sha512-6W4aIy70Mh7BNlbG9zZ5FBLhJhU2UUEzgZJ/jwYSCcB30o8McLxJSEjhtoHiX8R78Ah2/JzBGvIe5olZlbeE4A=="],

    "@tiptap/extension-horizontal-rule": ["@tiptap/extension-horizontal-rule@3.29.2", "", { "peerDependencies": { "@tiptap/core": "3.29.2", "@tiptap/pm": "3.29.2" } }, "sha512-8/ZPzbB9X85Mc9/7xVLZupQKBr2UVcQTGr512xtqMW+XkCQRHCph46tRo828YE13IMWI5fWn/FaNCqXG9cULSw=="],

    "@tiptap/extension-italic": ["@tiptap/extension-italic@3.29.2", "", { "peerDependencies": { "@tiptap/core": "3.29.2" } }, "sha512-iH63V/5wsaMnY4Jz0+meaAGhaec4AiOzOduzl6ZZr5IyGhZ1kthyW84ELt0dyLI3hNceAUhaNWc+I7+vX0aoXA=="],

    "@tiptap/extension-link": ["@tiptap/extension-link@3.29.2", "", { "dependencies": { "linkifyjs": "^4.3.3" }, "peerDependencies": { "@tiptap/core": "3.29.2", "@tiptap/pm": "3.29.2" } }, "sha512-DcVer5SqrexKCEP6Ip1UPxJUMvcRCCItSv0wxoGytanrimBh2smvcg6X0DWnjlsi5H0updhyl+atYCmmQXUIXA=="],

    "@tiptap/extension-list": ["@tiptap/extension-list@3.29.2", "", { "peerDependencies": { "@tiptap/core": "3.29.2", "@tiptap/pm": "3.29.2" } }, "sha512-WPZ9BHAPT6QeIm1vdVkuoOWvy9a8/EZeJwV2VhU8LXyTAttvzyj4rsbbHyJWvYWlUSTt/QF2AZ2zhKo7u1w3/A=="],

    "@tiptap/extension-list-item": ["@tiptap/extension-list-item@3.29.2", "", { "peerDependencies": { "@tiptap/extension-list": "3.29.2" } }, "sha512-s8vBVHHFT0Qpu7CzAZ7S1kYmSiVaDvUNvMNcZUWnxj6VPfiwmx0eXd9FsjePrRCMoM5tFmPnhFTHDxY3D/eZeQ=="],

    "@tiptap/extension-list-keymap": ["@tiptap/extension-list-keymap@3.29.2", "", { "peerDependencies": { "@tiptap/extension-list": "3.29.2" } }, "sha512-R+3k8OLnxdCH7Xy9ieOwUt5m2Je74u8mikothGmsYVO2Zyq48fIbmZ+X6RBPCu7DBOI2FIUhHEFbKQeDWvDNmA=="],

    "@tiptap/extension-ordered-list": ["@tiptap/extension-ordered-list@3.29.2", "", { "peerDependencies": { "@tiptap/extension-list": "3.29.2" } }, "sha512-ndCunC+UsYOpkOtL7vGnDz21UNa45WUlcO9wMT1fbuYow2QnRhsuMlCWENXI52YPPARWuQ0RDgN7q6TaxPERBg=="],

    "@tiptap/extension-paragraph": ["@tiptap/extension-paragraph@3.29.2", "", { "peerDependencies": { "@tiptap/core": "3.29.2" } }, "sha512-7qJj5YTr11vvjNgjDN1ypOfwTovc0QOCYcit/rskeuVgnmQZOZQzC/BbyKLLG7UGnpRLemU/mEGbW9pAqjAXkQ=="],

    "@tiptap/extension-strike": ["@tiptap/extension-strike@3.29.2", "", { "peerDependencies": { "@tiptap/core": "3.29.2" } }, "sha512-aEvLAbddUQZ+FukCreV3q4G2HfNI+odE7E9U+wbq6XsSWKyo8/pDu1muz+TFKNre4blSMOQ3JQmw5UeHDKy+fg=="],

    "@tiptap/extension-text": ["@tiptap/extension-text@3.29.2", "", { "peerDependencies": { "@tiptap/core": "3.29.2" } }, "sha512-Ubko45JWWHe8glBt2PiGNF8hcbys/JNalFhiR7Y1X4iOOtAxAKJJxh3+eq+//NTlGuBPdWGp7zw8EEUp7anjKA=="],

    "@tiptap/extension-underline": ["@tiptap/extension-underline@3.29.2", "", { "peerDependencies": { "@tiptap/core": "3.29.2" } }, "sha512-K7XwH/xS/5AIREWQ00VTEf/W5U0olp7j6wwit7cdd/8nHv6h6AGr1+iEApHKoLXWQZLfGQKzJlT9W61LAl+fHA=="],

    "@tiptap/extensions": ["@tiptap/extensions@3.29.2", "", { "peerDependencies": { "@tiptap/core": "3.29.2", "@tiptap/pm": "3.29.2" } }, "sha512-BCz+FCAChSYtUe4BFj97HEO+nSK+J7GxbJgZG4Hg7DT/gI+hRyeNndU8efiQAx3WGdzsFi3UxRpcF1tTQM7iMQ=="],

    "@tiptap/pm": ["@tiptap/pm@3.29.2", "", { "dependencies": { "prosemirror-changeset": "^2.4.1", "prosemirror-commands": "^1.7.1", "prosemirror-dropcursor": "^1.8.2", "prosemirror-gapcursor": "^1.4.1", "prosemirror-history": "^1.5.0", "prosemirror-inputrules": "^1.5.1", "prosemirror-keymap": "^1.2.3", "prosemirror-model": "^1.25.11", "prosemirror-schema-list": "^1.5.1", "prosemirror-state": "^1.4.4", "prosemirror-tables": "^1.8.5", "prosemirror-transform": "^1.12.0", "prosemirror-view": "^1.41.9" } }, "sha512-GCOme7xHaS+DSoaA4CDcAD3l6JyBlvZhvCyfsy2Vp6j8tEoBkZWio7soYVosmlyn7zq8/64VeFZP5s47yfG7fQ=="],

    "@tiptap/starter-kit": ["@tiptap/starter-kit@3.29.2", "", { "dependencies": { "@tiptap/core": "^3.29.2", "@tiptap/extension-blockquote": "^3.29.2", "@tiptap/extension-bold": "^3.29.2", "@tiptap/extension-bullet-list": "^3.29.2", "@tiptap/extension-code": "^3.29.2", "@tiptap/extension-code-block": "^3.29.2", "@tiptap/extension-document": "^3.29.2", "@tiptap/extension-dropcursor": "^3.29.2", "@tiptap/extension-gapcursor": "^3.29.2", "@tiptap/extension-hard-break": "^3.29.2", "@tiptap/extension-heading": "^3.29.2", "@tiptap/extension-horizontal-rule": "^3.29.2", "@tiptap/extension-italic": "^3.29.2", "@tiptap/extension-link": "^3.29.2", "@tiptap/extension-list": "^3.29.2", "@tiptap/extension-list-item": "^3.29.2", "@tiptap/extension-list-keymap": "^3.29.2", "@tiptap/extension-ordered-list": "^3.29.2", "@tiptap/extension-paragraph": "^3.29.2", "@tiptap/extension-strike": "^3.29.2", "@tiptap/extension-text": "^3.29.2", "@tiptap/extension-underline": "^3.29.2", "@tiptap/extensions": "^3.29.2", "@tiptap/pm": "^3.29.2" } }, "sha512-oTu0tysiqk4zgjEtxRHjAQgxUKaAevZwueOWwSWubHdokqp7SpcbE5n9USJv89HKuTUDm3GjnQH6q8HNn/2DsA=="],

    "@tiptap/vue-2": ["@tiptap/vue-2@3.29.2", "", { "dependencies": { "vue-ts-types": "1.6.2" }, "optionalDependencies": { "@tiptap/extension-bubble-menu": "^3.29.2", "@tiptap/extension-floating-menu": "^3.29.2" }, "peerDependencies": { "@tiptap/core": "3.29.2", "@tiptap/pm": "3.29.2", "vue": "^2.6.0" } }, "sha512-svd6sJLqWVQft0bl8TYgtYqRC3rsk4M4bIUK3VL14g7BPsR8zPrcHhQb0usJNL8MzzhZ/wv32wpAV20SHVAxOQ=="],

    "@vitejs/plugin-vue2": ["@vitejs/plugin-vue2@2.3.4", "", { "peerDependencies": { "vite": "^3.0.0 || ^4.0.0 || ^5.0.0 || ^6.0.0 || ^7.0.0", "vue": "^2.7.0-0" } }, "sha512-LgqtRRedJb1KdmgcllwGX0gtlPvOvtR6pITXmqxGwQhBZaAysg0Hd7wvj3sjCsj4+PENWsqS7O+ceYSOgJ+H9g=="],

    "@vue/compiler-sfc": ["@vue/compiler-sfc@2.7.16", "", { "dependencies": { "@babel/parser": "^7.23.5", "postcss": "^8.4.14", "source-map": "^0.6.1" }, "optionalDependencies": { "prettier": "^1.18.2 || ^2.0.0" } }, "sha512-KWhJ9k5nXuNtygPU7+t1rX6baZeqOYLEforUPjgNDBnLicfHCoi48H87Q8XyLZOrNNsmhuwKqtpDQWjEFe6Ekg=="],

    "babel-helper-vue-jsx-merge-props": ["babel-helper-vue-jsx-merge-props@2.0.3", "", {}, "sha512-gsLiKK7Qrb7zYJNgiXKpXblxbV5ffSwR0f5whkPAaBAR4fhi6bwRZxX9wBlIc5M/v8CCkXUbXZL4N/nSE97cqg=="],

    "csstype": ["csstype@3.2.3", "", {}, "sha512-z1HGKcYy2xA8AGQfwrn0PAy+PB7X/GSj3UVJW9qKyn43xWa+gl5nXmU4qqLMRzWVLFC8KusUX8T/0kCiOYpAIQ=="],

    "deepmerge": ["deepmerge@4.3.1", "", {}, "sha512-3sUqbMEc77XqpdNO7FRyRog+eW3ph+GYCbj+rK+uYyRMuwsVy0rMiVtPn+QJlKFvWP/1PYpapqYn0Me2knFn+A=="],

    "detect-libc": ["detect-libc@2.1.2", "", {}, "sha512-Btj2BOOO83o3WyH59e8MgXsxEQVcarkUOpEYrubB0urwnN10yQ364rsiByU11nZlqWYZm05i/of7io4mzihBtQ=="],

    "fdir": ["fdir@6.5.0", "", { "peerDependencies": { "picomatch": "^3 || ^4" }, "optionalPeers": ["picomatch"] }, "sha512-tIbYtZbucOs0BRGqPJkshJUYdL+SDH7dVM8gjy+ERp3WAUjLEFJE+02kanyHtwjWOnwrKYBiwAmM0p4kLJAnXg=="],

    "fsevents": ["fsevents@2.3.3", "", { "os": "darwin" }, "sha512-5xoDfX+fL7faATnagmWPpbFtwh/R77WmMMqqHGS65C3vvB0YHrgF+B1YmZ3441tMj5n63k0212XNoJwzlhffQw=="],

    "lightningcss": ["lightningcss@1.33.0", "", { "dependencies": { "detect-libc": "^2.0.3" }, "optionalDependencies": { "lightningcss-android-arm64": "1.33.0", "lightningcss-darwin-arm64": "1.33.0", "lightningcss-darwin-x64": "1.33.0", "lightningcss-freebsd-x64": "1.33.0", "lightningcss-linux-arm-gnueabihf": "1.33.0", "lightningcss-linux-arm64-gnu": "1.33.0", "lightningcss-linux-arm64-musl": "1.33.0", "lightningcss-linux-x64-gnu": "1.33.0", "lightningcss-linux-x64-musl": "1.33.0", "lightningcss-win32-arm64-msvc": "1.33.0", "lightningcss-win32-x64-msvc": "1.33.0" } }, "sha512-WkUDrojuJs0xkgGf2udWxa3yGBRxPtxUkB79i6aCZLRgc7PM8fZe9TosfPDcvEpQZbuFASnHYmRLBLUbmLOIIA=="],

    "lightningcss-android-arm64": ["lightningcss-android-arm64@1.33.0", "", { "os": "android", "cpu": "arm64" }, "sha512-gEpRTalKdosp4Bb8qWtc2iOgE5SeIHlpS1up9bFq2wAyYhl1UdTObYiHe98zEM9SQvSoqQZ1IQD0JNpg3Ml5pg=="],

    "lightningcss-darwin-arm64": ["lightningcss-darwin-arm64@1.33.0", "", { "os": "darwin", "cpu": "arm64" }, "sha512-Sciaz8eenNTKn9b3t7+xr0ipTp9YxKQY4npwQ3mrRuL0BAVHBLyZxofhaKBAVtzmtRZ/zTyo0/to4B1uWG/Djg=="],

    "lightningcss-darwin-x64": ["lightningcss-darwin-x64@1.33.0", "", { "os": "darwin", "cpu": "x64" }, "sha512-Z5UPAxzrjlWNNyGy6i65cJzzvgJ5D3T6wMvs+gWpY9d7qRhANrxqAp6LhxIgZhWEw18RfJTGcRxjuLIBr+m8XQ=="],

    "lightningcss-freebsd-x64": ["lightningcss-freebsd-x64@1.33.0", "", { "os": "freebsd", "cpu": "x64" }, "sha512-QQM/Ti/hQajJwCY+RiWuCZ9sdtI/XQk7nDK5vC8kkdwixezOlDgvDx7+RT+QjK6FcFT4MpsuoBnHIo/O3StRRg=="],

    "lightningcss-linux-arm-gnueabihf": ["lightningcss-linux-arm-gnueabihf@1.33.0", "", { "os": "linux", "cpu": "arm" }, "sha512-N7FVBe6iS24MlM6R/4RBTxGhQheZGs7tiQ9U32UtF75NzP5Q7xWPRqLBCKxlRQRk3rY1jCIPLzx7WzOhuUIRLQ=="],

    "lightningcss-linux-arm64-gnu": ["lightningcss-linux-arm64-gnu@1.33.0", "", { "os": "linux", "cpu": "arm64" }, "sha512-j2v/itmy4HlNxlc6voKXYgBqNi0Ng2LShg4z7GufpEgs05P+2suBVyi9I6YHq5uoVFx9ETin3eCEhLVyXGQnKg=="],

    "lightningcss-linux-arm64-musl": ["lightningcss-linux-arm64-musl@1.33.0", "", { "os": "linux", "cpu": "arm64" }, "sha512-yiO5ROMuYQgXbC60yjZU5CYSFZGKXL0HFATXt9mHJn1+zW55oCtMI9NfcVhYLMFDL7gV7oBPon/EmMMGg2OvtQ=="],

    "lightningcss-linux-x64-gnu": ["lightningcss-linux-x64-gnu@1.33.0", "", { "os": "linux", "cpu": "x64" }, "sha512-ar+Ju7LmcN0Jo4FpL4hpFybwNG9/3A/Br5KW2n2jyODg3MEZXaDYADdemoNS+BDNfMgKvylJLj4S5tyRActuAg=="],

    "lightningcss-linux-x64-musl": ["lightningcss-linux-x64-musl@1.33.0", "", { "os": "linux", "cpu": "x64" }, "sha512-RYiYbkokw0trfKqqzfF55lginwEPrD3OJDfTuJzFs1MK6iFnDenaz1fqLLtX4ITG3OktJQXOeTaw1awrBAlZPw=="],

    "lightningcss-win32-arm64-msvc": ["lightningcss-win32-arm64-msvc@1.33.0", "", { "os": "win32", "cpu": "arm64" }, "sha512-1K+MPfLSFVpphzpdbfkhlWk6wBrTObBzS2T6db10PNOZgR9GoVsAWzwNyuhUYYbTp23j+4RrncfujZ4uAzXvwA=="],

    "lightningcss-win32-x64-msvc": ["lightningcss-win32-x64-msvc@1.33.0", "", { "os": "win32", "cpu": "x64" }, "sha512-OlEICDx/Xl0FqSp4bry8zFnCvGpig3Gl4gCquvYwHuqJKEC1+n9NgDniFvqHGmMv1ZkqDJrDqKKSykTDX+ehuA=="],

    "linkifyjs": ["linkifyjs@4.3.3", "", {}, "sha512-P8aEP5U/D1/IlTY2OeYsErdwh9bGuLE30NcXtKEjgdHcahveQoQwM2yZNsioQHsWFz0P7KKudisbrzCgR0sDHg=="],

    "nanoid": ["nanoid@3.3.17", "", { "bin": { "nanoid": "bin/nanoid.cjs" } }, "sha512-xQLf0A3HOMlgHq0n247/LRuAOYmB7dXJ/DvAxGvsSBij45XtBSmQycu+F8ODbHwns/XyFZagyL1+J0Offw1E0g=="],

    "orderedmap": ["orderedmap@2.1.1", "", {}, "sha512-TvAWxi0nDe1j/rtMcWcIj94+Ffe6n7zhow33h40SKxmsmozs6dz/e+EajymfoFcHd7sxNn8yHM8839uixMOV6g=="],

    "picocolors": ["picocolors@1.1.1", "", {}, "sha512-xceH2snhtb5M9liqDsmEw56le376mTZkEX/jEb/RxNFyegNul7eNslCXP9FDj/Lcu0X8KEyMceP2ntpaHrDEVA=="],

    "picomatch": ["picomatch@4.0.5", "", {}, "sha512-RvwwcruNjI1ncT5xRakeyS9Lf8lcItv34KD+aif+VH9kduAyfYBipGh12274xtenIPZ119/R9BdTBa8gAwSh0A=="],

    "postcss": ["postcss@8.5.25", "", { "dependencies": { "nanoid": "^3.3.16", "picocolors": "^1.1.1", "source-map-js": "^1.2.1" } }, "sha512-DTPx3RWSSnWyzLxQnlH0rJP+EW5ekl16ZU4/psbIhA0e53kJfdgaN5vKM+xP7yJtXVu+nfdVFmlgFDEKAe4Pyw=="],

    "prettier": ["prettier@3.9.6", "", { "bin": { "prettier": "bin/prettier.cjs" } }, "sha512-OpN0zzVdiaiAhxpuuj5efpIS4sY9j7bY6uR5mnj5yPzGkdkjNKSJeUThPb60Jw29QuAZgA4o+/iB49kFiaBX6g=="],

    "prosemirror-changeset": ["prosemirror-changeset@2.4.1", "", { "dependencies": { "prosemirror-transform": "^1.0.0" } }, "sha512-96WBLhOaYhJ+kPhLg3uW359Tz6I/MfcrQfL4EGv4SrcqKEMC1gmoGrXHecPE8eOwTVCJ4IwgfzM8fFad25wNfw=="],

    "prosemirror-commands": ["prosemirror-commands@1.7.2", "", { "dependencies": { "prosemirror-model": "^1.0.0", "prosemirror-state": "^1.0.0", "prosemirror-transform": "^1.10.2" } }, "sha512-q6Q6szxqdu9Xd6EcdKsqXghu5nQdZTpB4Q9yd04WRc7/jt763e/rT60Owh0L1GYY+T46o5rD+9lEN36dZS43tw=="],

    "prosemirror-dropcursor": ["prosemirror-dropcursor@1.8.3", "", { "dependencies": { "prosemirror-state": "^1.0.0", "prosemirror-transform": "^1.1.0", "prosemirror-view": "^1.1.0" } }, "sha512-FoYbsJR8gK+DGlqhNoE29Loa38eIZPzQRIb1VMaDNBoo4OLP6vVof/jR8qFY/6XvUd6Dhug8MDCHl2a/h8RTfQ=="],

    "prosemirror-gapcursor": ["prosemirror-gapcursor@1.4.1", "", { "dependencies": { "prosemirror-keymap": "^1.0.0", "prosemirror-model": "^1.0.0", "prosemirror-state": "^1.0.0", "prosemirror-view": "^1.0.0" } }, "sha512-pMdYaEnjNMSwl11yjEGtgTmLkR08m/Vl+Jj443167p9eB3HVQKhYCc4gmHVDsLPODfZfjr/MmirsdyZziXbQKw=="],

    "prosemirror-history": ["prosemirror-history@1.5.0", "", { "dependencies": { "prosemirror-state": "^1.2.2", "prosemirror-transform": "^1.0.0", "prosemirror-view": "^1.31.0", "rope-sequence": "^1.3.0" } }, "sha512-zlzTiH01eKA55UAf1MEjtssJeHnGxO0j4K4Dpx+gnmX9n+SHNlDqI2oO1Kv1iPN5B1dm5fsljCfqKF9nFL6HRg=="],

    "prosemirror-inputrules": ["prosemirror-inputrules@1.5.1", "", { "dependencies": { "prosemirror-state": "^1.0.0", "prosemirror-transform": "^1.0.0" } }, "sha512-7wj4uMjKaXWAQ1CDgxNzNtR9AlsuwzHfdFH1ygEHA2KHF2DOEaXl1CJfNPAKCg9qNEh4rum975QLaCiQPyY6Fw=="],

    "prosemirror-keymap": ["prosemirror-keymap@1.2.3", "", { "dependencies": { "prosemirror-state": "^1.0.0", "w3c-keyname": "^2.2.0" } }, "sha512-4HucRlpiLd1IPQQXNqeo81BGtkY8Ai5smHhKW9jjPKRc2wQIxksg7Hl1tTI2IfT2B/LgX6bfYvXxEpJl7aKYKw=="],

    "prosemirror-model": ["prosemirror-model@1.25.11", "", { "dependencies": { "orderedmap": "^2.0.0" } }, "sha512-QWg9RhnpLlogAmp3p96uEFrE5txQpFynd4vhBAELkwgOCWQs/X0yCzB3/hrHqiPwf91RG5KyWq6553zs9JqIOQ=="],

    "prosemirror-schema-list": ["prosemirror-schema-list@1.5.1", "", { "dependencies": { "prosemirror-model": "^1.0.0", "prosemirror-state": "^1.0.0", "prosemirror-transform": "^1.7.3" } }, "sha512-927lFx/uwyQaGwJxLWCZRkjXG0p48KpMj6ueoYiu4JX05GGuGcgzAy62dfiV8eFZftgyBUvLx76RsMe20fJl+Q=="],

    "prosemirror-state": ["prosemirror-state@1.4.4", "", { "dependencies": { "prosemirror-model": "^1.0.0", "prosemirror-transform": "^1.0.0", "prosemirror-view": "^1.27.0" } }, "sha512-6jiYHH2CIGbCfnxdHbXZ12gySFY/fz/ulZE333G6bPqIZ4F+TXo9ifiR86nAHpWnfoNjOb3o5ESi7J8Uz1jXHw=="],

    "prosemirror-tables": ["prosemirror-tables@1.8.5", "", { "dependencies": { "prosemirror-keymap": "^1.2.3", "prosemirror-model": "^1.25.4", "prosemirror-state": "^1.4.4", "prosemirror-transform": "^1.10.5", "prosemirror-view": "^1.41.4" } }, "sha512-V/0cDCsHKHe/tfWkeCmthNUcEp1IVO3p6vwN8XtwE9PZQLAZJigbw3QoraAdfJPir4NKJtNvOB8oYGKRl+t0Dw=="],

    "prosemirror-transform": ["prosemirror-transform@1.12.0", "", { "dependencies": { "prosemirror-model": "^1.21.0" } }, "sha512-GxboyN4AMIsoHNtz5uf2r2Ru551i5hWeCMD6E2Ib4Eogqoub0NflniaBPVQ4MrGE5yZ8JV9tUHg9qcZTTrcN4w=="],

    "prosemirror-view": ["prosemirror-view@1.42.2", "", { "dependencies": { "prosemirror-model": "^1.25.8", "prosemirror-state": "^1.0.0", "prosemirror-transform": "^1.1.0" } }, "sha512-Pdg0l5kXm8aLDquFAnQFTCITg0q44sLqBlHlpsVLD9segdOao8TOfQdAhCrCXyVgPSRr6UDDROOIWA3bIrN9YQ=="],

    "rolldown": ["rolldown@1.2.2", "", { "dependencies": { "@oxc-project/types": "=0.142.0", "@rolldown/pluginutils": "^1.0.0" }, "optionalDependencies": { "@rolldown/binding-android-arm64": "1.2.2", "@rolldown/binding-darwin-arm64": "1.2.2", "@rolldown/binding-darwin-x64": "1.2.2", "@rolldown/binding-freebsd-x64": "1.2.2", "@rolldown/binding-linux-arm-gnueabihf": "1.2.2", "@rolldown/binding-linux-arm64-gnu": "1.2.2", "@rolldown/binding-linux-arm64-musl": "1.2.2", "@rolldown/binding-linux-ppc64-gnu": "1.2.2", "@rolldown/binding-linux-s390x-gnu": "1.2.2", "@rolldown/binding-linux-x64-gnu": "1.2.2", "@rolldown/binding-linux-x64-musl": "1.2.2", "@rolldown/binding-openharmony-arm64": "1.2.2", "@rolldown/binding-win32-arm64-msvc": "1.2.2", "@rolldown/binding-win32-x64-msvc": "1.2.2" }, "bin": { "rolldown": "./bin/cli.mjs" } }, "sha512-opwpo1tQBAcpSUJDt94B7hhLNGOKjCdE//XXjeLrnx9b83bjnw45tXdg1b09yEw/VLFBJGZpwRULMmOZo7ol+A=="],

    "rope-sequence": ["rope-sequence@1.3.4", "", {}, "sha512-UT5EDe2cu2E/6O4igUr5PSFs23nvvukicWHx6GnOPlHAiiYbzNuCRQCuiUdHJQcqKalLKlrYJnjY0ySGsXNQXQ=="],

    "shvl": ["shvl@2.0.3", "", {}, "sha512-V7C6S9Hlol6SzOJPnQ7qzOVEWUQImt3BNmmzh40wObhla3XOYMe4gGiYzLrJd5TFa+cI2f9LKIRJTTKZSTbWgw=="],

    "source-map": ["source-map@0.6.1", "", {}, "sha512-UjgapumWlbMhkBgzT7Ykc5YXUT46F0iKu8SGXq0bcwP5dz/h0Plj6enJqjz1Zbq2l5WaqYnrVbwWOWMyF3F47g=="],

    "source-map-js": ["source-map-js@1.2.1", "", {}, "sha512-UXWMKhLOwVKb728IUtQPXxfYU+usdybtUrK/8uGE8CQMvrhOpwvzDBwj0QhSL7MQc7vIsISBG8VQ8+IDQxpfQA=="],

    "tinyglobby": ["tinyglobby@0.2.17", "", { "dependencies": { "fdir": "^6.5.0", "picomatch": "^4.0.4" } }, "sha512-wXR/dYpcqKmfWpEdZjiKJOwCNFndD0DMnrW/cYjVGttEkBfVgcLFHoNrlj47mjOVic9yyNu65alsgF4NQyTa2g=="],

    "vite": ["vite@8.2.0", "", { "dependencies": { "lightningcss": "^1.33.0", "picomatch": "^4.0.5", "postcss": "^8.5.23", "rolldown": "~1.2.0", "tinyglobby": "^0.2.17" }, "optionalDependencies": { "fsevents": "~2.3.3" }, "peerDependencies": { "@types/node": "^20.19.0 || >=22.12.0", "@vitejs/devtools": "^0.4.0", "esbuild": "^0.27.0 || ^0.28.0", "jiti": ">=1.21.0", "less": "^4.0.0", "sass": "^1.70.0", "sass-embedded": "^1.70.0", "stylus": ">=0.54.8", "sugarss": "^5.0.0", "terser": "^5.16.0", "tsx": "^4.8.1", "yaml": "^2.4.2" }, "optionalPeers": ["@types/node", "@vitejs/devtools", "esbuild", "jiti", "less", "sass", "sass-embedded", "stylus", "sugarss", "terser", "tsx", "yaml"], "bin": { "vite": "bin/vite.js" } }, "sha512-pn+CFpM0lwDeKwmOq1ZaBK/9sjorZcgqxki6MbY/jPEVd9vichIlmlD4HmQ5wdP5EgqQCFRaACBxMC7uEGc6lQ=="],

    "vue": ["vue@2.7.16", "", { "dependencies": { "@vue/compiler-sfc": "2.7.16", "csstype": "^3.1.0" } }, "sha512-4gCtFXaAA3zYZdTp5s4Hl2sozuySsgz4jy1EnpBHNfpMa9dK1ZCG7viqBPCwXtmgc8nHqUsAu3G4gtmXkkY3Sw=="],

    "vue-feather-icons": ["vue-feather-icons@5.1.0", "", { "dependencies": { "babel-helper-vue-jsx-merge-props": "^2.0.2" } }, "sha512-ZyM2yFGmL9DYLZYHm63KV1zCQOj8czC2LzDSkxoIp9o6zMAOY4yv1FkxbX+XNUwcH3RRrAuvf25Ij7CnUUsQVA=="],

    "vue-router": ["vue-router@3.6.5", "", {}, "sha512-VYXZQLtjuvKxxcshuRAwjHnciqZVoXAjTjcqBTz4rKc8qih9g9pI3hbDjmqXaHdgL3v8pV6P8Z335XvHzESxLQ=="],

    "vue-ts-types": ["vue-ts-types@1.6.2", "", { "peerDependencies": { "vue": "^2.6 || ^3.2" } }, "sha512-iOBe4oMoTeISs+Wxlt5E6q3W6lEX6UtkwWCPu6727IoweBE3O3Vp/2/BtO+Kf5pISQU7WpX71hXTeMGqHsmecA=="],

    "vuex": ["vuex@3.6.2", "", { "peerDependencies": { "vue": "^2.0.0" } }, "sha512-ETW44IqCgBpVomy520DT5jf8n0zoCac+sxWnn+hMe/CzaSejb/eVw2YToiXYX+Ex/AuHHia28vWTq4goAexFbw=="],

    "vuex-persistedstate": ["vuex-persistedstate@4.1.0", "", { "dependencies": { "deepmerge": "^4.2.2", "shvl": "^2.0.3" }, "peerDependencies": { "vuex": "^3.0 || ^4.0.0-rc" } }, "sha512-3SkEj4NqwM69ikJdFVw6gObeB0NHyspRYMYkR/EbhR0hbvAKyR5gksVhtAfY1UYuWUOCCA0QNGwv9pOwdj+XUQ=="],

    "w3c-keyname": ["w3c-keyname@2.2.8", "", {}, "sha512-dpojBhNsCNN7T82Tm7k26A6G9ML3NkhDsnw9n/eoxSRlVBB4CEtIQ/KTCLI2Fwf3ataSXRhYFkQi3SlnFwPvPQ=="],

    "@vue/compiler-sfc/prettier": ["prettier@2.8.8", "", { "bin": { "prettier": "bin-prettier.js" } }, "sha512-tdN8qQGvNjw4CHbY+XXk0JgCXn9QiF21a55rBe5LJAU+kDyC4WQn4+awm2Xfk2lQMk5fKup9XgzTZtGkjBdP9Q=="],
  }
}
